
Microsoft Visual Studio Solution File, Format Version 12.00
# Visual Studio Version 17
VisualStudioVersion = 17.11.35222.181
MinimumVisualStudioVersion = 10.0.40219.1
Project("{2150E333-8FDC-42A3-9474-1A3956D46DE8}") = "Task0", "Task0", "{1EA5ED83-12D9-4D90-A7E9-7E7727D7EB18}"
EndProject
Project("{FAE04EC0-301F-11D3-BF4B-00C04F79EFBC}") = "Tyuiu.KorolevES.Sprint4.Task0.V29", "Tyuiu.KorolevES.Sprint4.Task0.V29\Tyuiu.KorolevES.Sprint4.Task0.V29.csproj", "{0E2EEE96-79BB-47A7-87F2-2F95331585E4}"
EndProject
Project("{FAE04EC0-301F-11D3-BF4B-00C04F79EFBC}") = "Tyuiu.KorolevES.Sprint4.Task0.V29.Lib", "Tyuiu.KorolevES.Sprint4.Task0.V29.Lib\Tyuiu.KorolevES.Sprint4.Task0.V29.Lib.csproj", "{28D2F84E-DE31-4E69-8B1E-986F69B1913F}"
EndProject
Project("{FAE04EC0-301F-11D3-BF4B-00C04F79EFBC}") = "Tyuiu.KorolevES.Sprint4.Task0.V29.Test", "Tyuiu.KorolevES.Sprint4.Task0.V29.Test\Tyuiu.KorolevES.Sprint4.Task0.V29.Test.csproj", "{EB41C483-0F5C-4727-9020-55C13151A583}"
EndProject
Project("{2150E333-8FDC-42A3-9474-1A3956D46DE8}") = "Task1", "Task1", "{4709C14D-E5CA-42A4-9817-3AB2E2FE584E}"
EndProject
Project("{FAE04EC0-301F-11D3-BF4B-00C04F79EFBC}") = "Tyuiu.KorolevES.Sprint4.Task1.V2", "Tyuiu.KorolevES.Sprint4.Task1.V2\Tyuiu.KorolevES.Sprint4.Task1.V2.csproj", "{86242881-705C-47D8-86B9-18C07ECEF99A}"
EndProject
Project("{FAE04EC0-301F-11D3-BF4B-00C04F79EFBC}") = "Tyuiu.KorolevES.Sprint4.Task1.V2.Lib", "Tyuiu.KorolevES.Sprint4.Task1.V2.Lib\Tyuiu.KorolevES.Sprint4.Task1.V2.Lib.csproj", "{32168EB5-2A40-4F2A-BD10-667644B88C3B}"
EndProject
Project("{FAE04EC0-301F-11D3-BF4B-00C04F79EFBC}") = "Tyuiu.KorolevES.Sprint4.Task1.V2.Test", "Tyuiu.KorolevES.Sprint4.Task1.V2.Test\Tyuiu.KorolevES.Sprint4.Task1.V2.Test.csproj", "{DD0742AE-F51F-4301-99B9-46A070C2B1F5}"
EndProject
Project("{2150E333-8FDC-42A3-9474-1A3956D46DE8}") = "Task2", "Task2", "{C77057AD-F41A-404B-89C6-6A66848CA040}"
EndProject
Project("{FAE04EC0-301F-11D3-BF4B-00C04F79EFBC}") = "Tyuiu.KorolevES.Sprint4.Task2.V30", "Tyuiu.KorolevES.Sprint4.Task2.V30\Tyuiu.KorolevES.Sprint4.Task2.V30.csproj", "{2427435A-5C28-40C2-B34B-C5CDEB5AB4AD}"
EndProject
Project("{FAE04EC0-301F-11D3-BF4B-00C04F79EFBC}") = "Tyuiu.KorolevES.Sprint4.Task2.V30.Lib", "Tyuiu.KorolevES.Sprint4.Task2.V30.Lib\Tyuiu.KorolevES.Sprint4.Task2.V30.Lib.csproj", "{12C986F7-2F6C-4F17-B58C-B631EB04FC11}"
EndProject
Project("{FAE04EC0-301F-11D3-BF4B-00C04F79EFBC}") = "Tyuiu.KorolevES.Sprint4.Task2.V30.Test", "Tyuiu.KorolevES.Sprint4.Task2.V30.Test\Tyuiu.KorolevES.Sprint4.Task2.V30.Test.csproj", "{EB12CBD6-92E4-4773-9D8C-6700C72485C9}"
EndProject
Project("{2150E333-8FDC-42A3-9474-1A3956D46DE8}") = "Task3", "Task3", "{45DF694F-B20B-432E-86D3-496E8CE0925B}"
EndProject
Project("{FAE04EC0-301F-11D3-BF4B-00C04F79EFBC}") = "Tyuiu.KorolevES.Sprint4.Task3.V5", "Tyuiu.KorolevES.Sprint4.Task3.V5\Tyuiu.KorolevES.Sprint4.Task3.V5.csproj", "{2E90A2CD-C432-482B-AEC2-4BBFADAFFA47}"
EndProject
Project("{FAE04EC0-301F-11D3-BF4B-00C04F79EFBC}") = "Tyuiu.KorolevES.Sprint4.Task3.V5.Lib", "Tyuiu.KorolevES.Sprint4.Task3.V5.Lib\Tyuiu.KorolevES.Sprint4.Task3.V5.Lib.csproj", "{2EA0E2DD-FF65-445A-B1F7-AF779D632B15}"
EndProject
Project("{FAE04EC0-301F-11D3-BF4B-00C04F79EFBC}") = "Tyuiu.KorolevES.Sprint4.Task3.V5.Test", "Tyuiu.KorolevES.Sprint4.Task3.V5.Test\Tyuiu.KorolevES.Sprint4.Task3.V5.Test.csproj", "{C1C5BBC7-48FB-4FD5-B640-1CB758778FC1}"
EndProject
Global
	GlobalSection(SolutionConfigurationPlatforms) = preSolution
		Debug|Any CPU = Debug|Any CPU
		Release|Any CPU = Release|Any CPU
	EndGlobalSection
	GlobalSection(ProjectConfigurationPlatforms) = postSolution
		{0E2EEE96-79BB-47A7-87F2-2F95331585E4}.Debug|Any CPU.ActiveCfg = Debug|Any CPU
		{0E2EEE96-79BB-47A7-87F2-2F95331585E4}.Debug|Any CPU.Build.0 = Debug|Any CPU
		{0E2EEE96-79BB-47A7-87F2-2F95331585E4}.Release|Any CPU.ActiveCfg = Release|Any CPU
		{0E2EEE96-79BB-47A7-87F2-2F95331585E4}.Release|Any CPU.Build.0 = Release|Any CPU
		{28D2F84E-DE31-4E69-8B1E-986F69B1913F}.Debug|Any CPU.ActiveCfg = Debug|Any CPU
		{28D2F84E-DE31-4E69-8B1E-986F69B1913F}.Debug|Any CPU.Build.0 = Debug|Any CPU
		{28D2F84E-DE31-4E69-8B1E-986F69B1913F}.Release|Any CPU.ActiveCfg = Release|Any CPU
		{28D2F84E-DE31-4E69-8B1E-986F69B1913F}.Release|Any CPU.Build.0 = Release|Any CPU
		{EB41C483-0F5C-4727-9020-55C13151A583}.Debug|Any CPU.ActiveCfg = Debug|Any CPU
		{EB41C483-0F5C-4727-9020-55C13151A583}.Debug|Any CPU.Build.0 = Debug|Any CPU
		{EB41C483-0F5C-4727-9020-55C13151A583}.Release|Any CPU.ActiveCfg = Release|Any CPU
		{EB41C483-0F5C-4727-9020-55C13151A583}.Release|Any CPU.Build.0 = Release|Any CPU
		{86242881-705C-47D8-86B9-18C07ECEF99A}.Debug|Any CPU.ActiveCfg = Debug|Any CPU
		{86242881-705C-47D8-86B9-18C07ECEF99A}.Debug|Any CPU.Build.0 = Debug|Any CPU
		{86242881-705C-47D8-86B9-18C07ECEF99A}.Release|Any CPU.ActiveCfg = Release|Any CPU
		{86242881-705C-47D8-86B9-18C07ECEF99A}.Release|Any CPU.Build.0 = Release|Any CPU
		{32168EB5-2A40-4F2A-BD10-667644B88C3B}.Debug|Any CPU.ActiveCfg = Debug|Any CPU
		{32168EB5-2A40-4F2A-BD10-667644B88C3B}.Debug|Any CPU.Build.0 = Debug|Any CPU
		{32168EB5-2A40-4F2A-BD10-667644B88C3B}.Release|Any CPU.ActiveCfg = Release|Any CPU
		{32168EB5-2A40-4F2A-BD10-667644B88C3B}.Release|Any CPU.Build.0 = Release|Any CPU
		{DD0742AE-F51F-4301-99B9-46A070C2B1F5}.Debug|Any CPU.ActiveCfg = Debug|Any CPU
		{DD0742AE-F51F-4301-99B9-46A070C2B1F5}.Debug|Any CPU.Build.0 = Debug|Any CPU
		{DD0742AE-F51F-4301-99B9-46A070C2B1F5}.Release|Any CPU.ActiveCfg = Release|Any CPU
		{DD0742AE-F51F-4301-99B9-46A070C2B1F5}.Release|Any CPU.Build.0 = Release|Any CPU
		{2427435A-5C28-40C2-B34B-C5CDEB5AB4AD}.Debug|Any CPU.ActiveCfg = Debug|Any CPU
		{2427435A-5C28-40C2-B34B-C5CDEB5AB4AD}.Debug|Any CPU.Build.0 = Debug|Any CPU
		{2427435A-5C28-40C2-B34B-C5CDEB5AB4AD}.Release|Any CPU.ActiveCfg = Release|Any CPU
		{2427435A-5C28-40C2-B34B-C5CDEB5AB4AD}.Release|Any CPU.Build.0 = Release|Any CPU
		{12C986F7-2F6C-4F17-B58C-B631EB04FC11}.Debug|Any CPU.ActiveCfg = Debug|Any CPU
		{12C986F7-2F6C-4F17-B58C-B631EB04FC11}.Debug|Any CPU.Build.0 = Debug|Any CPU
		{12C986F7-2F6C-4F17-B58C-B631EB04FC11}.Release|Any CPU.ActiveCfg = Release|Any CPU
		{12C986F7-2F6C-4F17-B58C-B631EB04FC11}.Release|Any CPU.Build.0 = Release|Any CPU
		{EB12CBD6-92E4-4773-9D8C-6700C72485C9}.Debug|Any CPU.ActiveCfg = Debug|Any CPU
		{EB12CBD6-92E4-4773-9D8C-6700C72485C9}.Debug|Any CPU.Build.0 = Debug|Any CPU
		{EB12CBD6-92E4-4773-9D8C-6700C72485C9}.Release|Any CPU.ActiveCfg = Release|Any CPU
		{EB12CBD6-92E4-4773-9D8C-6700C72485C9}.Release|Any CPU.Build.0 = Release|Any CPU
		{2E90A2CD-C432-482B-AEC2-4BBFADAFFA47}.Debug|Any CPU.ActiveCfg = Debug|Any CPU
		{2E90A2CD-C432-482B-AEC2-4BBFADAFFA47}.Debug|Any CPU.Build.0 = Debug|Any CPU
		{2E90A2CD-C432-482B-AEC2-4BBFADAFFA47}.Release|Any CPU.ActiveCfg = Release|Any CPU
		{2E90A2CD-C432-482B-AEC2-4BBFADAFFA47}.Release|Any CPU.Build.0 = Release|Any CPU
		{2EA0E2DD-FF65-445A-B1F7-AF779D632B15}.Debug|Any CPU.ActiveCfg = Debug|Any CPU
		{2EA0E2DD-FF65-445A-B1F7-AF779D632B15}.Debug|Any CPU.Build.0 = Debug|Any CPU
		{2EA0E2DD-FF65-445A-B1F7-AF779D632B15}.Release|Any CPU.ActiveCfg = Release|Any CPU
		{2EA0E2DD-FF65-445A-B1F7-AF779D632B15}.Release|Any CPU.Build.0 = Release|Any CPU
		{C1C5BBC7-48FB-4FD5-B640-1CB758778FC1}.Debug|Any CPU.ActiveCfg = Debug|Any CPU
		{C1C5BBC7-48FB-4FD5-B640-1CB758778FC1}.Debug|Any CPU.Build.0 = Debug|Any CPU
		{C1C5BBC7-48FB-4FD5-B640-1CB758778FC1}.Release|Any CPU.ActiveCfg = Release|Any CPU
		{C1C5BBC7-48FB-4FD5-B640-1CB758778FC1}.Release|Any CPU.Build.0 = Release|Any CPU
	EndGlobalSection
	GlobalSection(SolutionProperties) = preSolution
		HideSolutionNode = FALSE
	EndGlobalSection
	GlobalSection(NestedProjects) = preSolution
		{0E2EEE96-79BB-47A7-87F2-2F95331585E4} = {1EA5ED83-12D9-4D90-A7E9-7E7727D7EB18}
		{28D2F84E-DE31-4E69-8B1E-986F69B1913F} = {1EA5ED83-12D9-4D90-A7E9-7E7727D7EB18}
		{EB41C483-0F5C-4727-9020-55C13151A583} = {1EA5ED83-12D9-4D90-A7E9-7E7727D7EB18}
		{86242881-705C-47D8-86B9-18C07ECEF99A} = {4709C14D-E5CA-42A4-9817-3AB2E2FE584E}
		{32168EB5-2A40-4F2A-BD10-667644B88C3B} = {4709C14D-E5CA-42A4-9817-3AB2E2FE584E}
		{DD0742AE-F51F-4301-99B9-46A070C2B1F5} = {4709C14D-E5CA-42A4-9817-3AB2E2FE584E}
		{2427435A-5C28-40C2-B34B-C5CDEB5AB4AD} = {C77057AD-F41A-404B-89C6-6A66848CA040}
		{12C986F7-2F6C-4F17-B58C-B631EB04FC11} = {C77057AD-F41A-404B-89C6-6A66848CA040}
		{EB12CBD6-92E4-4773-9D8C-6700C72485C9} = {C77057AD-F41A-404B-89C6-6A66848CA040}
		{2E90A2CD-C432-482B-AEC2-4BBFADAFFA47} = {45DF694F-B20B-432E-86D3-496E8CE0925B}
		{2EA0E2DD-FF65-445A-B1F7-AF779D632B15} = {45DF694F-B20B-432E-86D3-496E8CE0925B}
		{C1C5BBC7-48FB-4FD5-B640-1CB758778FC1} = {45DF694F-B20B-432E-86D3-496E8CE0925B}
	EndGlobalSection
	GlobalSection(ExtensibilityGlobals) = postSolution
		SolutionGuid = {4BBD5A92-FD26-4B79-A927-3782080528A0}
	EndGlobalSection
EndGlobal
